
Microsoft Visual Studio Solution File, Format Version 12.00
# Visual Studio Version 17
VisualStudioVersion = 17.13.35931.197 d17.13
MinimumVisualStudioVersion = 10.0.40219.1
Project("{FAE04EC0-301F-11D3-BF4B-00C04F79EFBC}") = "Deployer", "Deployer.csproj", "{2D2D73F8-0B02-4DA9-98CB-090CFFB6F2B6}"
EndProject
Global
	GlobalSection(SolutionConfigurationPlatforms) = preSolution
		Debug|Any CPU = Debug|Any CPU
		Release|Any CPU = Release|Any CPU
	EndGlobalSection
	GlobalSection(ProjectConfigurationPlatforms) = postSolution
		{2D2D73F8-0B02-4DA9-98CB-090CFFB6F2B6}.Debug|Any CPU.ActiveCfg = Debug|Any CPU
		{2D2D73F8-0B02-4DA9-98CB-090CFFB6F2B6}.Debug|Any CPU.Build.0 = Debug|Any CPU
		{2D2D73F8-0B02-4DA9-98CB-090CFFB6F2B6}.Release|Any CPU.ActiveCfg = Release|Any CPU
		{2D2D73F8-0B02-4DA9-98CB-090CFFB6F2B6}.Release|Any CPU.Build.0 = Release|Any CPU
	EndGlobalSection
	GlobalSection(SolutionProperties) = preSolution
		HideSolutionNode = FALSE
	EndGlobalSection
	GlobalSection(ExtensibilityGlobals) = postSolution
		SolutionGuid = {EA4413DE-D7E4-4F9D-AAC6-A30FB53AA535}
	EndGlobalSection
EndGlobal
